
Microsoft Visual Studio Solution File, Format Version 12.00
# Visual Studio 2017
Project("{FAE04EC0-301F-11D3-BF4B-00C04F79EFBC}") = "bialjam2k17-thestecos", "bialjam2k17-thestecos.csproj", "{5C050FDB-5C4B-614E-9B9B-DBCE62D272B2}"
EndProject
Global
	GlobalSection(SolutionConfigurationPlatforms) = preSolution
		Debug|Any CPU = Debug|Any CPU
		Release|Any CPU = Release|Any CPU
	EndGlobalSection
	GlobalSection(ProjectConfigurationPlatforms) = postSolution
		{5C050FDB-5C4B-614E-9B9B-DBCE62D272B2}.Debug|Any CPU.ActiveCfg = Debug|Any CPU
		{5C050FDB-5C4B-614E-9B9B-DBCE62D272B2}.Debug|Any CPU.Build.0 = Debug|Any CPU
		{5C050FDB-5C4B-614E-9B9B-DBCE62D272B2}.Release|Any CPU.ActiveCfg = Release|Any CPU
		{5C050FDB-5C4B-614E-9B9B-DBCE62D272B2}.Release|Any CPU.Build.0 = Release|Any CPU
	EndGlobalSection
	GlobalSection(SolutionProperties) = preSolution
		HideSolutionNode = FALSE
	EndGlobalSection
EndGlobal
